
Microsoft Visual Studio Solution File, Format Version 12.00
# Visual Studio Version 17
VisualStudioVersion = 17.7.34031.279
MinimumVisualStudioVersion = 10.0.40219.1
Project("{9A19103F-16F7-4668-BE54-9A1E7A4F7556}") = "MetaFrm.Service.FirebaseAdminService(net6.0)", "MetaFrm.Service.FirebaseAdminService(net6.0)\MetaFrm.Service.FirebaseAdminService(net6.0).csproj", "{7302AB25-CC60-4CDC-BBC5-18B01373E770}"
EndProject
Project("{FAE04EC0-301F-11D3-BF4B-00C04F79EFBC}") = "MetaFrm.Service.FirebaseAdminService(net7.0)", "MetaFrm.Service.FirebaseAdminService(net7.0)\MetaFrm.Service.FirebaseAdminService(net7.0).csproj", "{53496E29-83A5-4978-9AFC-228F7152F0A9}"
EndProject
Project("{2150E333-8FDC-42A3-9474-1A3956D46DE8}") = ".github", ".github", "{519CBCCC-B1ED-4DC7-84ED-B220F603BBD1}"
EndProject
Project("{2150E333-8FDC-42A3-9474-1A3956D46DE8}") = "workflows", "workflows", "{D87B93C5-6752-4C87-91BF-29EA80DC6945}"
	ProjectSection(SolutionItems) = preProject
		.github\workflows\build_6.0.yml = .github\workflows\build_6.0.yml
		.github\workflows\build_7.0.yml = .github\workflows\build_7.0.yml
	EndProjectSection
EndProject
Project("{2150E333-8FDC-42A3-9474-1A3956D46DE8}") = "src", "src", "{E719B0AB-46E3-41D9-BFDC-7675B94EC121}"
	ProjectSection(SolutionItems) = preProject
		src\FirebaseAdminService.cs = src\FirebaseAdminService.cs
	EndProjectSection
EndProject
Project("{2150E333-8FDC-42A3-9474-1A3956D46DE8}") = "솔루션 항목", "솔루션 항목", "{6FBE0127-4B9E-4C85-A964-C0056DA41B2A}"
	ProjectSection(SolutionItems) = preProject
		.gitignore = .gitignore
		LICENSE.txt = LICENSE.txt
		README.md = README.md
	EndProjectSection
EndProject
Global
	GlobalSection(SolutionConfigurationPlatforms) = preSolution
		Debug|Any CPU = Debug|Any CPU
		Release|Any CPU = Release|Any CPU
	EndGlobalSection
	GlobalSection(ProjectConfigurationPlatforms) = postSolution
		{7302AB25-CC60-4CDC-BBC5-18B01373E770}.Debug|Any CPU.ActiveCfg = Debug|Any CPU
		{7302AB25-CC60-4CDC-BBC5-18B01373E770}.Debug|Any CPU.Build.0 = Debug|Any CPU
		{7302AB25-CC60-4CDC-BBC5-18B01373E770}.Release|Any CPU.ActiveCfg = Release|Any CPU
		{7302AB25-CC60-4CDC-BBC5-18B01373E770}.Release|Any CPU.Build.0 = Release|Any CPU
		{53496E29-83A5-4978-9AFC-228F7152F0A9}.Debug|Any CPU.ActiveCfg = Debug|Any CPU
		{53496E29-83A5-4978-9AFC-228F7152F0A9}.Debug|Any CPU.Build.0 = Debug|Any CPU
		{53496E29-83A5-4978-9AFC-228F7152F0A9}.Release|Any CPU.ActiveCfg = Release|Any CPU
		{53496E29-83A5-4978-9AFC-228F7152F0A9}.Release|Any CPU.Build.0 = Release|Any CPU
	EndGlobalSection
	GlobalSection(SolutionProperties) = preSolution
		HideSolutionNode = FALSE
	EndGlobalSection
	GlobalSection(NestedProjects) = preSolution
		{D87B93C5-6752-4C87-91BF-29EA80DC6945} = {519CBCCC-B1ED-4DC7-84ED-B220F603BBD1}
	EndGlobalSection
	GlobalSection(ExtensibilityGlobals) = postSolution
		SolutionGuid = {55587408-2B91-4F1A-AD80-2C0BA20C8115}
	EndGlobalSection
EndGlobal
